// !$*UTF8*$!
{
	archiveVersion = 1;
	classes = {
	};
	objectVersion = 56;
	objects = {

/* Begin PBXBuildFile section */
		8878C5E72C4857A000D9796C /* Rewards.swift in Sources */ = {isa = PBXBuildFile; fileRef = 8878C5E62C4857A000D9796C /* Rewards.swift */; };
		8878C5E92C4857B100D9796C /* Progress.swift in Sources */ = {isa = PBXBuildFile; fileRef = 8878C5E82C4857B100D9796C /* Progress.swift */; };
		887CADF42C45A5EA007750AE /* LunaLogApp.swift in Sources */ = {isa = PBXBuildFile; fileRef = 887CADF32C45A5EA007750AE /* LunaLogApp.swift */; };
		887CADF62C45A5EA007750AE /* ContentView.swift in Sources */ = {isa = PBXBuildFile; fileRef = 887CADF52C45A5EA007750AE /* ContentView.swift */; };
		887CADF82C45A5ED007750AE /* Assets.xcassets in Resources */ = {isa = PBXBuildFile; fileRef = 887CADF72C45A5ED007750AE /* Assets.xcassets */; };
		887CADFB2C45A5ED007750AE /* Preview Assets.xcassets in Resources */ = {isa = PBXBuildFile; fileRef = 887CADFA2C45A5ED007750AE /* Preview Assets.xcassets */; };
		887CAE242C470DCB007750AE /* WelcomeScreen.swift in Sources */ = {isa = PBXBuildFile; fileRef = 887CAE232C470DCB007750AE /* WelcomeScreen.swift */; };
		887CAE4C2C4769F5007750AE /* AuthView.swift in Sources */ = {isa = PBXBuildFile; fileRef = 887CAE4B2C4769F5007750AE /* AuthView.swift */; };
		887CAE502C476FEB007750AE /* GoogleService-Info.plist in Resources */ = {isa = PBXBuildFile; fileRef = 887CAE4F2C476FEB007750AE /* GoogleService-Info.plist */; };
		887CAE532C47710E007750AE /* FirebaseAnalytics in Frameworks */ = {isa = PBXBuildFile; productRef = 887CAE522C47710E007750AE /* FirebaseAnalytics */; };
		887CAE552C47710E007750AE /* FirebaseAuth in Frameworks */ = {isa = PBXBuildFile; productRef = 887CAE542C47710E007750AE /* FirebaseAuth */; };
		887CAE572C477279007750AE /* AppDelegate.swift in Sources */ = {isa = PBXBuildFile; fileRef = 887CAE562C477278007750AE /* AppDelegate.swift */; };
		887CAE592C4774D8007750AE /* OnboardingFlow.swift in Sources */ = {isa = PBXBuildFile; fileRef = 887CAE582C4774D8007750AE /* OnboardingFlow.swift */; };
		887CAE5B2C4774FC007750AE /* MainDashboard.swift in Sources */ = {isa = PBXBuildFile; fileRef = 887CAE5A2C4774FC007750AE /* MainDashboard.swift */; };
		887CAE5D2C477D1F007750AE /* Settings.swift in Sources */ = {isa = PBXBuildFile; fileRef = 887CAE5C2C477D1F007750AE /* Settings.swift */; };
		887CAE5F2C477D36007750AE /* WaterLog.swift in Sources */ = {isa = PBXBuildFile; fileRef = 887CAE5E2C477D36007750AE /* WaterLog.swift */; };
		887CAE612C477D44007750AE /* SleepLog.swift in Sources */ = {isa = PBXBuildFile; fileRef = 887CAE602C477D44007750AE /* SleepLog.swift */; };
		88F0FABF2C4838B8002F434E /* FirebaseFirestore in Frameworks */ = {isa = PBXBuildFile; productRef = 88F0FABE2C4838B8002F434E /* FirebaseFirestore */; };
		9F584B1C2C48640200C60BA2 /* Early.swift in Sources */ = {isa = PBXBuildFile; fileRef = 9F584B1B2C48640200C60BA2 /* Early.swift */; };
		9F584B1E2C48640F00C60BA2 /* Decent.swift in Sources */ = {isa = PBXBuildFile; fileRef = 9F584B1D2C48640F00C60BA2 /* Decent.swift */; };
		9F584B202C48641F00C60BA2 /* Late.swift in Sources */ = {isa = PBXBuildFile; fileRef = 9F584B1F2C48641F00C60BA2 /* Late.swift */; };
/* End PBXBuildFile section */

/* Begin PBXFileReference section */
		8878C5E62C4857A000D9796C /* Rewards.swift */ = {isa = PBXFileReference; lastKnownFileType = sourcecode.swift; path = Rewards.swift; sourceTree = "<group>"; };
		8878C5E82C4857B100D9796C /* Progress.swift */ = {isa = PBXFileReference; lastKnownFileType = sourcecode.swift; path = Progress.swift; sourceTree = "<group>"; };
		887CADF02C45A5EA007750AE /* LunaLog.app */ = {isa = PBXFileReference; explicitFileType = wrapper.application; includeInIndex = 0; path = LunaLog.app; sourceTree = BUILT_PRODUCTS_DIR; };
		887CADF32C45A5EA007750AE /* LunaLogApp.swift */ = {isa = PBXFileReference; lastKnownFileType = sourcecode.swift; path = LunaLogApp.swift; sourceTree = "<group>"; };
		887CADF52C45A5EA007750AE /* ContentView.swift */ = {isa = PBXFileReference; lastKnownFileType = sourcecode.swift; path = ContentView.swift; sourceTree = "<group>"; };
		887CADF72C45A5ED007750AE /* Assets.xcassets */ = {isa = PBXFileReference; lastKnownFileType = folder.assetcatalog; path = Assets.xcassets; sourceTree = "<group>"; };
		887CADFA2C45A5ED007750AE /* Preview Assets.xcassets */ = {isa = PBXFileReference; lastKnownFileType = folder.assetcatalog; path = "Preview Assets.xcassets"; sourceTree = "<group>"; };
		887CAE232C470DCB007750AE /* WelcomeScreen.swift */ = {isa = PBXFileReference; lastKnownFileType = sourcecode.swift; path = WelcomeScreen.swift; sourceTree = "<group>"; };
		887CAE4B2C4769F5007750AE /* AuthView.swift */ = {isa = PBXFileReference; lastKnownFileType = sourcecode.swift; path = AuthView.swift; sourceTree = "<group>"; };
		887CAE4F2C476FEB007750AE /* GoogleService-Info.plist */ = {isa = PBXFileReference; fileEncoding = 4; lastKnownFileType = text.plist.xml; path = "GoogleService-Info.plist"; sourceTree = "<group>"; };
		887CAE562C477278007750AE /* AppDelegate.swift */ = {isa = PBXFileReference; lastKnownFileType = sourcecode.swift; path = AppDelegate.swift; sourceTree = "<group>"; };
		887CAE582C4774D8007750AE /* OnboardingFlow.swift */ = {isa = PBXFileReference; lastKnownFileType = sourcecode.swift; path = OnboardingFlow.swift; sourceTree = "<group>"; };
		887CAE5A2C4774FC007750AE /* MainDashboard.swift */ = {isa = PBXFileReference; lastKnownFileType = sourcecode.swift; path = MainDashboard.swift; sourceTree = "<group>"; };
		887CAE5C2C477D1F007750AE /* Settings.swift */ = {isa = PBXFileReference; lastKnownFileType = sourcecode.swift; path = Settings.swift; sourceTree = "<group>"; };
		887CAE5E2C477D36007750AE /* WaterLog.swift */ = {isa = PBXFileReference; lastKnownFileType = sourcecode.swift; path = WaterLog.swift; sourceTree = "<group>"; };
		887CAE602C477D44007750AE /* SleepLog.swift */ = {isa = PBXFileReference; lastKnownFileType = sourcecode.swift; path = SleepLog.swift; sourceTree = "<group>"; };
		9F584B1B2C48640200C60BA2 /* Early.swift */ = {isa = PBXFileReference; lastKnownFileType = sourcecode.swift; path = Early.swift; sourceTree = "<group>"; };
		9F584B1D2C48640F00C60BA2 /* Decent.swift */ = {isa = PBXFileReference; lastKnownFileType = sourcecode.swift; path = Decent.swift; sourceTree = "<group>"; };
		9F584B1F2C48641F00C60BA2 /* Late.swift */ = {isa = PBXFileReference; lastKnownFileType = sourcecode.swift; path = Late.swift; sourceTree = "<group>"; };
/* End PBXFileReference section */

/* Begin PBXFrameworksBuildPhase section */
		887CADED2C45A5EA007750AE /* Frameworks */ = {
			isa = PBXFrameworksBuildPhase;
			buildActionMask = 2147483647;
			files = (
				887CAE532C47710E007750AE /* FirebaseAnalytics in Frameworks */,
				887CAE552C47710E007750AE /* FirebaseAuth in Frameworks */,
				88F0FABF2C4838B8002F434E /* FirebaseFirestore in Frameworks */,
			);
			runOnlyForDeploymentPostprocessing = 0;
		};
/* End PBXFrameworksBuildPhase section */

/* Begin PBXGroup section */
		887CADE72C45A5EA007750AE = {
			isa = PBXGroup;
			children = (
				887CADF22C45A5EA007750AE /* LunaLog */,
				887CADF12C45A5EA007750AE /* Products */,
			);
			sourceTree = "<group>";
		};
		887CADF12C45A5EA007750AE /* Products */ = {
			isa = PBXGroup;
			children = (
				887CADF02C45A5EA007750AE /* LunaLog.app */,
			);
			name = Products;
			sourceTree = "<group>";
		};
		887CADF22C45A5EA007750AE /* LunaLog */ = {
			isa = PBXGroup;
			children = (
				887CADF32C45A5EA007750AE /* LunaLogApp.swift */,
				887CAE562C477278007750AE /* AppDelegate.swift */,
				887CADF52C45A5EA007750AE /* ContentView.swift */,
				887CAE232C470DCB007750AE /* WelcomeScreen.swift */,
				887CAE4B2C4769F5007750AE /* AuthView.swift */,
				887CAE582C4774D8007750AE /* OnboardingFlow.swift */,
				887CAE5A2C4774FC007750AE /* MainDashboard.swift */,
				887CAE602C477D44007750AE /* SleepLog.swift */,
				9F584B1B2C48640200C60BA2 /* Early.swift */,
				9F584B1D2C48640F00C60BA2 /* Decent.swift */,
				9F584B1F2C48641F00C60BA2 /* Late.swift */,
				887CAE5E2C477D36007750AE /* WaterLog.swift */,
				887CAE5C2C477D1F007750AE /* Settings.swift */,
				8878C5E62C4857A000D9796C /* Rewards.swift */,
				8878C5E82C4857B100D9796C /* Progress.swift */,
				887CAE4F2C476FEB007750AE /* GoogleService-Info.plist */,
				887CADF72C45A5ED007750AE /* Assets.xcassets */,
				887CADF92C45A5ED007750AE /* Preview Content */,
			);
			path = LunaLog;
			sourceTree = "<group>";
		};
		887CADF92C45A5ED007750AE /* Preview Content */ = {
			isa = PBXGroup;
			children = (
				887CADFA2C45A5ED007750AE /* Preview Assets.xcassets */,
			);
			path = "Preview Content";
			sourceTree = "<group>";
		};
/* End PBXGroup section */

/* Begin PBXNativeTarget section */
		887CADEF2C45A5EA007750AE /* LunaLog */ = {
			isa = PBXNativeTarget;
			buildConfigurationList = 887CADFE2C45A5ED007750AE /* Build configuration list for PBXNativeTarget "LunaLog" */;
			buildPhases = (
				887CADEC2C45A5EA007750AE /* Sources */,
				887CADED2C45A5EA007750AE /* Frameworks */,
				887CADEE2C45A5EA007750AE /* Resources */,
			);
			buildRules = (
			);
			dependencies = (
			);
			name = LunaLog;
			packageProductDependencies = (
				887CAE522C47710E007750AE /* FirebaseAnalytics */,
				887CAE542C47710E007750AE /* FirebaseAuth */,
				88F0FABE2C4838B8002F434E /* FirebaseFirestore */,
			);
			productName = LunaLog;
			productReference = 887CADF02C45A5EA007750AE /* LunaLog.app */;
			productType = "com.apple.product-type.application";
		};
/* End PBXNativeTarget section */

/* Begin PBXProject section */
		887CADE82C45A5EA007750AE /* Project object */ = {
			isa = PBXProject;
			attributes = {
				BuildIndependentTargetsInParallel = 1;
				LastSwiftUpdateCheck = 1540;
				LastUpgradeCheck = 1540;
				TargetAttributes = {
					887CADEF2C45A5EA007750AE = {
						CreatedOnToolsVersion = 15.4;
					};
				};
			};
			buildConfigurationList = 887CADEB2C45A5EA007750AE /* Build configuration list for PBXProject "LunaLog" */;
			compatibilityVersion = "Xcode 14.0";
			developmentRegion = en;
			hasScannedForEncodings = 0;
			knownRegions = (
				en,
				Base,
			);
			mainGroup = 887CADE72C45A5EA007750AE;
			packageReferences = (
				887CAE512C47710E007750AE /* XCRemoteSwiftPackageReference "firebase-ios-sdk" */,
			);
			productRefGroup = 887CADF12C45A5EA007750AE /* Products */;
			projectDirPath = "";
			projectRoot = "";
			targets = (
				887CADEF2C45A5EA007750AE /* LunaLog */,
			);
		};
/* End PBXProject section */

/* Begin PBXResourcesBuildPhase section */
		887CADEE2C45A5EA007750AE /* Resources */ = {
			isa = PBXResourcesBuildPhase;
			buildActionMask = 2147483647;
			files = (
				887CADFB2C45A5ED007750AE /* Preview Assets.xcassets in Resources */,
				887CADF82C45A5ED007750AE /* Assets.xcassets in Resources */,
				887CAE502C476FEB007750AE /* GoogleService-Info.plist in Resources */,
			);
			runOnlyForDeploymentPostprocessing = 0;
		};
/* End PBXResourcesBuildPhase section */

/* Begin PBXSourcesBuildPhase section */
		887CADEC2C45A5EA007750AE /* Sources */ = {
			isa = PBXSourcesBuildPhase;
			buildActionMask = 2147483647;
			files = (
				887CAE5B2C4774FC007750AE /* MainDashboard.swift in Sources */,
				887CAE592C4774D8007750AE /* OnboardingFlow.swift in Sources */,
				887CAE612C477D44007750AE /* SleepLog.swift in Sources */,
				887CAE5D2C477D1F007750AE /* Settings.swift in Sources */,
				9F584B202C48641F00C60BA2 /* Late.swift in Sources */,
				887CAE242C470DCB007750AE /* WelcomeScreen.swift in Sources */,
				887CADF62C45A5EA007750AE /* ContentView.swift in Sources */,
				9F584B1E2C48640F00C60BA2 /* Decent.swift in Sources */,
				8878C5E92C4857B100D9796C /* Progress.swift in Sources */,
				9F584B1C2C48640200C60BA2 /* Early.swift in Sources */,
				887CAE4C2C4769F5007750AE /* AuthView.swift in Sources */,
				887CAE5F2C477D36007750AE /* WaterLog.swift in Sources */,
				887CAE572C477279007750AE /* AppDelegate.swift in Sources */,
				887CADF42C45A5EA007750AE /* LunaLogApp.swift in Sources */,
				8878C5E72C4857A000D9796C /* Rewards.swift in Sources */,
			);
			runOnlyForDeploymentPostprocessing = 0;
		};
/* End PBXSourcesBuildPhase section */

/* Begin XCBuildConfiguration section */
		887CADFC2C45A5ED007750AE /* Debug */ = {
			isa = XCBuildConfiguration;
			buildSettings = {
				ALWAYS_SEARCH_USER_PATHS = NO;
				ASSETCATALOG_COMPILER_GENERATE_SWIFT_ASSET_SYMBOL_EXTENSIONS = YES;
				CLANG_ANALYZER_NONNULL = YES;
				CLANG_ANALYZER_NUMBER_OBJECT_CONVERSION = YES_AGGRESSIVE;
				CLANG_CXX_LANGUAGE_STANDARD = "gnu++20";
				CLANG_ENABLE_MODULES = YES;
				CLANG_ENABLE_OBJC_ARC = YES;
				CLANG_ENABLE_OBJC_WEAK = YES;
				CLANG_WARN_BLOCK_CAPTURE_AUTORELEASING = YES;
				CLANG_WARN_BOOL_CONVERSION = YES;
				CLANG_WARN_COMMA = YES;
				CLANG_WARN_CONSTANT_CONVERSION = YES;
				CLANG_WARN_DEPRECATED_OBJC_IMPLEMENTATIONS = YES;
				CLANG_WARN_DIRECT_OBJC_ISA_USAGE = YES_ERROR;
				CLANG_WARN_DOCUMENTATION_COMMENTS = YES;
				CLANG_WARN_EMPTY_BODY = YES;
				CLANG_WARN_ENUM_CONVERSION = YES;
				CLANG_WARN_INFINITE_RECURSION = YES;
				CLANG_WARN_INT_CONVERSION = YES;
				CLANG_WARN_NON_LITERAL_NULL_CONVERSION = YES;
				CLANG_WARN_OBJC_IMPLICIT_RETAIN_SELF = YES;
				CLANG_WARN_OBJC_LITERAL_CONVERSION = YES;
				CLANG_WARN_OBJC_ROOT_CLASS = YES_ERROR;
				CLANG_WARN_QUOTED_INCLUDE_IN_FRAMEWORK_HEADER = YES;
				CLANG_WARN_RANGE_LOOP_ANALYSIS = YES;
				CLANG_WARN_STRICT_PROTOTYPES = YES;
				CLANG_WARN_SUSPICIOUS_MOVE = YES;
				CLANG_WARN_UNGUARDED_AVAILABILITY = YES_AGGRESSIVE;
				CLANG_WARN_UNREACHABLE_CODE = YES;
				CLANG_WARN__DUPLICATE_METHOD_MATCH = YES;
				COPY_PHASE_STRIP = NO;
				DEBUG_INFORMATION_FORMAT = dwarf;
				ENABLE_STRICT_OBJC_MSGSEND = YES;
				ENABLE_TESTABILITY = YES;
				ENABLE_USER_SCRIPT_SANDBOXING = YES;
				GCC_C_LANGUAGE_STANDARD = gnu17;
				GCC_DYNAMIC_NO_PIC = NO;
				GCC_NO_COMMON_BLOCKS = YES;
				GCC_OPTIMIZATION_LEVEL = 0;
				GCC_PREPROCESSOR_DEFINITIONS = (
					"DEBUG=1",
					"$(inherited)",
				);
				GCC_WARN_64_TO_32_BIT_CONVERSION = YES;
				GCC_WARN_ABOUT_RETURN_TYPE = YES_ERROR;
				GCC_WARN_UNDECLARED_SELECTOR = YES;
				GCC_WARN_UNINITIALIZED_AUTOS = YES_AGGRESSIVE;
				GCC_WARN_UNUSED_FUNCTION = YES;
				GCC_WARN_UNUSED_VARIABLE = YES;
				IPHONEOS_DEPLOYMENT_TARGET = 17.5;
				LOCALIZATION_PREFERS_STRING_CATALOGS = YES;
				MTL_ENABLE_DEBUG_INFO = INCLUDE_SOURCE;
				MTL_FAST_MATH = YES;
				ONLY_ACTIVE_ARCH = YES;
				SDKROOT = iphoneos;
				SWIFT_ACTIVE_COMPILATION_CONDITIONS = "DEBUG $(inherited)";
				SWIFT_OPTIMIZATION_LEVEL = "-Onone";
			};
			name = Debug;
		};
		887CADFD2C45A5ED007750AE /* Release */ = {
			isa = XCBuildConfiguration;
			buildSettings = {
				ALWAYS_SEARCH_USER_PATHS = NO;
				ASSETCATALOG_COMPILER_GENERATE_SWIFT_ASSET_SYMBOL_EXTENSIONS = YES;
				CLANG_ANALYZER_NONNULL = YES;
				CLANG_ANALYZER_NUMBER_OBJECT_CONVERSION = YES_AGGRESSIVE;
				CLANG_CXX_LANGUAGE_STANDARD = "gnu++20";
				CLANG_ENABLE_MODULES = YES;
				CLANG_ENABLE_OBJC_ARC = YES;
				CLANG_ENABLE_OBJC_WEAK = YES;
				CLANG_WARN_BLOCK_CAPTURE_AUTORELEASING = YES;
				CLANG_WARN_BOOL_CONVERSION = YES;
				CLANG_WARN_COMMA = YES;
				CLANG_WARN_CONSTANT_CONVERSION = YES;
				CLANG_WARN_DEPRECATED_OBJC_IMPLEMENTATIONS = YES;
				CLANG_WARN_DIRECT_OBJC_ISA_USAGE = YES_ERROR;
				CLANG_WARN_DOCUMENTATION_COMMENTS = YES;
				CLANG_WARN_EMPTY_BODY = YES;
				CLANG_WARN_ENUM_CONVERSION = YES;
				CLANG_WARN_INFINITE_RECURSION = YES;
				CLANG_WARN_INT_CONVERSION = YES;
				CLANG_WARN_NON_LITERAL_NULL_CONVERSION = YES;
				CLANG_WARN_OBJC_IMPLICIT_RETAIN_SELF = YES;
				CLANG_WARN_OBJC_LITERAL_CONVERSION = YES;
				CLANG_WARN_OBJC_ROOT_CLASS = YES_ERROR;
				CLANG_WARN_QUOTED_INCLUDE_IN_FRAMEWORK_HEADER = YES;
				CLANG_WARN_RANGE_LOOP_ANALYSIS = YES;
				CLANG_WARN_STRICT_PROTOTYPES = YES;
				CLANG_WARN_SUSPICIOUS_MOVE = YES;
				CLANG_WARN_UNGUARDED_AVAILABILITY = YES_AGGRESSIVE;
				CLANG_WARN_UNREACHABLE_CODE = YES;
				CLANG_WARN__DUPLICATE_METHOD_MATCH = YES;
				COPY_PHASE_STRIP = NO;
				DEBUG_INFORMATION_FORMAT = "dwarf-with-dsym";
				ENABLE_NS_ASSERTIONS = NO;
				ENABLE_STRICT_OBJC_MSGSEND = YES;
				ENABLE_USER_SCRIPT_SANDBOXING = YES;
				GCC_C_LANGUAGE_STANDARD = gnu17;
				GCC_NO_COMMON_BLOCKS = YES;
				GCC_WARN_64_TO_32_BIT_CONVERSION = YES;
				GCC_WARN_ABOUT_RETURN_TYPE = YES_ERROR;
				GCC_WARN_UNDECLARED_SELECTOR = YES;
				GCC_WARN_UNINITIALIZED_AUTOS = YES_AGGRESSIVE;
				GCC_WARN_UNUSED_FUNCTION = YES;
				GCC_WARN_UNUSED_VARIABLE = YES;
				IPHONEOS_DEPLOYMENT_TARGET = 17.5;
				LOCALIZATION_PREFERS_STRING_CATALOGS = YES;
				MTL_ENABLE_DEBUG_INFO = NO;
				MTL_FAST_MATH = YES;
				SDKROOT = iphoneos;
				SWIFT_COMPILATION_MODE = wholemodule;
				VALIDATE_PRODUCT = YES;
			};
			name = Release;
		};
		887CADFF2C45A5ED007750AE /* Debug */ = {
			isa = XCBuildConfiguration;
			buildSettings = {
				ASSETCATALOG_COMPILER_APPICON_NAME = AppIcon;
				ASSETCATALOG_COMPILER_GLOBAL_ACCENT_COLOR_NAME = AccentColor;
				CODE_SIGN_STYLE = Automatic;
				CURRENT_PROJECT_VERSION = 1;
				DEVELOPMENT_ASSET_PATHS = "\"LunaLog/Preview Content\"";
				DEVELOPMENT_TEAM = XTBHS5SKCM;
				ENABLE_PREVIEWS = YES;
				GENERATE_INFOPLIST_FILE = YES;
				INFOPLIST_KEY_UIApplicationSceneManifest_Generation = YES;
				INFOPLIST_KEY_UIApplicationSupportsIndirectInputEvents = YES;
				INFOPLIST_KEY_UILaunchScreen_Generation = YES;
				INFOPLIST_KEY_UISupportedInterfaceOrientations_iPad = "UIInterfaceOrientationPortrait UIInterfaceOrientationPortraitUpsideDown UIInterfaceOrientationLandscapeLeft UIInterfaceOrientationLandscapeRight";
				INFOPLIST_KEY_UISupportedInterfaceOrientations_iPhone = "UIInterfaceOrientationPortrait UIInterfaceOrientationLandscapeLeft UIInterfaceOrientationLandscapeRight";
				LD_RUNPATH_SEARCH_PATHS = (
					"$(inherited)",
					"@executable_path/Frameworks",
				);
				MARKETING_VERSION = 1.0;
				PRODUCT_BUNDLE_IDENTIFIER = kwk.LunaLog;
				PRODUCT_NAME = "$(TARGET_NAME)";
				SWIFT_EMIT_LOC_STRINGS = YES;
				SWIFT_VERSION = 5.0;
				TARGETED_DEVICE_FAMILY = "1,2";
			};
			name = Debug;
		};
		887CAE002C45A5ED007750AE /* Release */ = {
			isa = XCBuildConfiguration;
			buildSettings = {
				ASSETCATALOG_COMPILER_APPICON_NAME = AppIcon;
				ASSETCATALOG_COMPILER_GLOBAL_ACCENT_COLOR_NAME = AccentColor;
				CODE_SIGN_STYLE = Automatic;
				CURRENT_PROJECT_VERSION = 1;
				DEVELOPMENT_ASSET_PATHS = "\"LunaLog/Preview Content\"";
				DEVELOPMENT_TEAM = XTBHS5SKCM;
				ENABLE_PREVIEWS = YES;
				GENERATE_INFOPLIST_FILE = YES;
				INFOPLIST_KEY_UIApplicationSceneManifest_Generation = YES;
				INFOPLIST_KEY_UIApplicationSupportsIndirectInputEvents = YES;
				INFOPLIST_KEY_UILaunchScreen_Generation = YES;
				INFOPLIST_KEY_UISupportedInterfaceOrientations_iPad = "UIInterfaceOrientationPortrait UIInterfaceOrientationPortraitUpsideDown UIInterfaceOrientationLandscapeLeft UIInterfaceOrientationLandscapeRight";
				INFOPLIST_KEY_UISupportedInterfaceOrientations_iPhone = "UIInterfaceOrientationPortrait UIInterfaceOrientationLandscapeLeft UIInterfaceOrientationLandscapeRight";
				LD_RUNPATH_SEARCH_PATHS = (
					"$(inherited)",
					"@executable_path/Frameworks",
				);
				MARKETING_VERSION = 1.0;
				PRODUCT_BUNDLE_IDENTIFIER = kwk.LunaLog;
				PRODUCT_NAME = "$(TARGET_NAME)";
				SWIFT_EMIT_LOC_STRINGS = YES;
				SWIFT_VERSION = 5.0;
				TARGETED_DEVICE_FAMILY = "1,2";
			};
			name = Release;
		};
/* End XCBuildConfiguration section */

/* Begin XCConfigurationList section */
		887CADEB2C45A5EA007750AE /* Build configuration list for PBXProject "LunaLog" */ = {
			isa = XCConfigurationList;
			buildConfigurations = (
				887CADFC2C45A5ED007750AE /* Debug */,
				887CADFD2C45A5ED007750AE /* Release */,
			);
			defaultConfigurationIsVisible = 0;
			defaultConfigurationName = Release;
		};
		887CADFE2C45A5ED007750AE /* Build configuration list for PBXNativeTarget "LunaLog" */ = {
			isa = XCConfigurationList;
			buildConfigurations = (
				887CADFF2C45A5ED007750AE /* Debug */,
				887CAE002C45A5ED007750AE /* Release */,
			);
			defaultConfigurationIsVisible = 0;
			defaultConfigurationName = Release;
		};
/* End XCConfigurationList section */

/* Begin XCRemoteSwiftPackageReference section */
		887CAE512C47710E007750AE /* XCRemoteSwiftPackageReference "firebase-ios-sdk" */ = {
			isa = XCRemoteSwiftPackageReference;
			repositoryURL = "https://github.com/firebase/firebase-ios-sdk";
			requirement = {
				kind = upToNextMajorVersion;
				minimumVersion = 10.29.0;
			};
		};
/* End XCRemoteSwiftPackageReference section */

/* Begin XCSwiftPackageProductDependency section */
		887CAE522C47710E007750AE /* FirebaseAnalytics */ = {
			isa = XCSwiftPackageProductDependency;
			package = 887CAE512C47710E007750AE /* XCRemoteSwiftPackageReference "firebase-ios-sdk" */;
			productName = FirebaseAnalytics;
		};
		887CAE542C47710E007750AE /* FirebaseAuth */ = {
			isa = XCSwiftPackageProductDependency;
			package = 887CAE512C47710E007750AE /* XCRemoteSwiftPackageReference "firebase-ios-sdk" */;
			productName = FirebaseAuth;
		};
		88F0FABE2C4838B8002F434E /* FirebaseFirestore */ = {
			isa = XCSwiftPackageProductDependency;
			package = 887CAE512C47710E007750AE /* XCRemoteSwiftPackageReference "firebase-ios-sdk" */;
			productName = FirebaseFirestore;
		};
/* End XCSwiftPackageProductDependency section */
	};
	rootObject = 887CADE82C45A5EA007750AE /* Project object */;
}
